
Microsoft Visual Studio Solution File, Format Version 12.00
# Visual Studio 2013
VisualStudioVersion = 12.0.30501.0
MinimumVisualStudioVersion = 10.0.40219.1
Project("{8BC9CEB8-8B4A-11D0-8D11-00A0C91BC942}") = "SFML_UI", "SFML_UI\SFML_UI.vcxproj", "{34D98846-3D85-40CA-B88C-A235C07C4B58}"
EndProject
Project("{8BC9CEB8-8B4A-11D0-8D11-00A0C91BC942}") = "API", "API\API.vcxproj", "{8C18C0AC-6476-40D8-B18C-2345F96142B5}"
EndProject
Project("{8BC9CEB8-8B4A-11D0-8D11-00A0C91BC942}") = "MCTS", "..\MCTS\MCTS.vcxproj", "{BC1D54F7-4214-48EC-9EA2-0E5C30C30A72}"
EndProject
Global
	GlobalSection(SolutionConfigurationPlatforms) = preSolution
		Debug|Win32 = Debug|Win32
		Debug|x64 = Debug|x64
		Release|Win32 = Release|Win32
		Release|x64 = Release|x64
	EndGlobalSection
	GlobalSection(ProjectConfigurationPlatforms) = postSolution
		{34D98846-3D85-40CA-B88C-A235C07C4B58}.Debug|Win32.ActiveCfg = Debug|Win32
		{34D98846-3D85-40CA-B88C-A235C07C4B58}.Debug|Win32.Build.0 = Debug|Win32
		{34D98846-3D85-40CA-B88C-A235C07C4B58}.Debug|x64.ActiveCfg = Debug|Win32
		{34D98846-3D85-40CA-B88C-A235C07C4B58}.Release|Win32.ActiveCfg = Release|Win32
		{34D98846-3D85-40CA-B88C-A235C07C4B58}.Release|Win32.Build.0 = Release|Win32
		{34D98846-3D85-40CA-B88C-A235C07C4B58}.Release|x64.ActiveCfg = Release|Win32
		{8C18C0AC-6476-40D8-B18C-2345F96142B5}.Debug|Win32.ActiveCfg = Debug|Win32
		{8C18C0AC-6476-40D8-B18C-2345F96142B5}.Debug|Win32.Build.0 = Debug|Win32
		{8C18C0AC-6476-40D8-B18C-2345F96142B5}.Debug|x64.ActiveCfg = Debug|Win32
		{8C18C0AC-6476-40D8-B18C-2345F96142B5}.Release|Win32.ActiveCfg = Release|Win32
		{8C18C0AC-6476-40D8-B18C-2345F96142B5}.Release|Win32.Build.0 = Release|Win32
		{8C18C0AC-6476-40D8-B18C-2345F96142B5}.Release|x64.ActiveCfg = Release|Win32
		{BC1D54F7-4214-48EC-9EA2-0E5C30C30A72}.Debug|Win32.ActiveCfg = Debug|Win32
		{BC1D54F7-4214-48EC-9EA2-0E5C30C30A72}.Debug|Win32.Build.0 = Debug|Win32
		{BC1D54F7-4214-48EC-9EA2-0E5C30C30A72}.Debug|x64.ActiveCfg = Debug|x64
		{BC1D54F7-4214-48EC-9EA2-0E5C30C30A72}.Debug|x64.Build.0 = Debug|x64
		{BC1D54F7-4214-48EC-9EA2-0E5C30C30A72}.Release|Win32.ActiveCfg = Release|Win32
		{BC1D54F7-4214-48EC-9EA2-0E5C30C30A72}.Release|Win32.Build.0 = Release|Win32
		{BC1D54F7-4214-48EC-9EA2-0E5C30C30A72}.Release|x64.ActiveCfg = Release|x64
		{BC1D54F7-4214-48EC-9EA2-0E5C30C30A72}.Release|x64.Build.0 = Release|x64
	EndGlobalSection
	GlobalSection(SolutionProperties) = preSolution
		HideSolutionNode = FALSE
	EndGlobalSection
EndGlobal
